{
  "originHash" : "b166012c519bf2b99ead6b134036adabca9eab13be5aeb3116deac9cea9d964c",
  "pins" : [
    {
      "identity" : "onnxruntime-libs",
      "kind" : "remoteSourceControl",
      "location" : "https://github.com/csukuangfj/onnxruntime-libs",
      "state" : {
        "revision" : "8ebc5ebf92190903c274a7621ba4c96a732335ec",
        "version" : "1.28.2"
      }
    },
    {
      "identity" : "sherpa-onnx",
      "kind" : "remoteSourceControl",
      "location" : "https://github.com/k2-fsa/sherpa-onnx.git",
      "state" : {
        "revision" : "11afbd009a7f8c08f4bcf2fc1b265d0df4670fbf",
        "version" : "1.13.8"
      }
    }
  ],
  "version" : 3
}
